
Microsoft Visual Studio Solution File, Format Version 12.00
# Visual Studio Version 16
VisualStudioVersion = 16.0.31702.278
MinimumVisualStudioVersion = 10.0.40219.1
Project("{FAE04EC0-301F-11D3-BF4B-00C04F79EFBC}") = "App2.Android", "App2\App2.Android\App2.Android.csproj", "{B566ECEF-B3BE-461A-8BDD-0A00ABFDC250}"
EndProject
Project("{FAE04EC0-301F-11D3-BF4B-00C04F79EFBC}") = "App2.iOS", "App2\App2.iOS\App2.iOS.csproj", "{2B2762E0-B9E3-4428-8240-037CAA884378}"
EndProject
Project("{FAE04EC0-301F-11D3-BF4B-00C04F79EFBC}") = "App2", "App2\App2\App2.csproj", "{671C25B6-CF17-42FB-A199-982A4EBF3833}"
EndProject
Global
	GlobalSection(SolutionConfigurationPlatforms) = preSolution
		Debug|Any CPU = Debug|Any CPU
		Debug|iPhone = Debug|iPhone
		Debug|iPhoneSimulator = Debug|iPhoneSimulator
		Release|Any CPU = Release|Any CPU
		Release|iPhone = Release|iPhone
		Release|iPhoneSimulator = Release|iPhoneSimulator
	EndGlobalSection
	GlobalSection(ProjectConfigurationPlatforms) = postSolution
		{B566ECEF-B3BE-461A-8BDD-0A00ABFDC250}.Debug|Any CPU.ActiveCfg = Debug|Any CPU
		{B566ECEF-B3BE-461A-8BDD-0A00ABFDC250}.Debug|Any CPU.Build.0 = Debug|Any CPU
		{B566ECEF-B3BE-461A-8BDD-0A00ABFDC250}.Debug|Any CPU.Deploy.0 = Debug|Any CPU
		{B566ECEF-B3BE-461A-8BDD-0A00ABFDC250}.Debug|iPhone.ActiveCfg = Debug|Any CPU
		{B566ECEF-B3BE-461A-8BDD-0A00ABFDC250}.Debug|iPhone.Build.0 = Debug|Any CPU
		{B566ECEF-B3BE-461A-8BDD-0A00ABFDC250}.Debug|iPhone.Deploy.0 = Debug|Any CPU
		{B566ECEF-B3BE-461A-8BDD-0A00ABFDC250}.Debug|iPhoneSimulator.ActiveCfg = Debug|Any CPU
		{B566ECEF-B3BE-461A-8BDD-0A00ABFDC250}.Debug|iPhoneSimulator.Build.0 = Debug|Any CPU
		{B566ECEF-B3BE-461A-8BDD-0A00ABFDC250}.Debug|iPhoneSimulator.Deploy.0 = Debug|Any CPU
		{B566ECEF-B3BE-461A-8BDD-0A00ABFDC250}.Release|Any CPU.ActiveCfg = Release|Any CPU
		{B566ECEF-B3BE-461A-8BDD-0A00ABFDC250}.Release|Any CPU.Build.0 = Release|Any CPU
		{B566ECEF-B3BE-461A-8BDD-0A00ABFDC250}.Release|Any CPU.Deploy.0 = Release|Any CPU
		{B566ECEF-B3BE-461A-8BDD-0A00ABFDC250}.Release|iPhone.ActiveCfg = Release|Any CPU
		{B566ECEF-B3BE-461A-8BDD-0A00ABFDC250}.Release|iPhone.Build.0 = Release|Any CPU
		{B566ECEF-B3BE-461A-8BDD-0A00ABFDC250}.Release|iPhone.Deploy.0 = Release|Any CPU
		{B566ECEF-B3BE-461A-8BDD-0A00ABFDC250}.Release|iPhoneSimulator.ActiveCfg = Release|Any CPU
		{B566ECEF-B3BE-461A-8BDD-0A00ABFDC250}.Release|iPhoneSimulator.Build.0 = Release|Any CPU
		{B566ECEF-B3BE-461A-8BDD-0A00ABFDC250}.Release|iPhoneSimulator.Deploy.0 = Release|Any CPU
		{2B2762E0-B9E3-4428-8240-037CAA884378}.Debug|Any CPU.ActiveCfg = Debug|iPhone
		{2B2762E0-B9E3-4428-8240-037CAA884378}.Debug|Any CPU.Build.0 = Debug|iPhone
		{2B2762E0-B9E3-4428-8240-037CAA884378}.Debug|Any CPU.Deploy.0 = Debug|iPhone
		{2B2762E0-B9E3-4428-8240-037CAA884378}.Debug|iPhone.ActiveCfg = Debug|iPhone
		{2B2762E0-B9E3-4428-8240-037CAA884378}.Debug|iPhone.Build.0 = Debug|iPhone
		{2B2762E0-B9E3-4428-8240-037CAA884378}.Debug|iPhone.Deploy.0 = Debug|iPhone
		{2B2762E0-B9E3-4428-8240-037CAA884378}.Debug|iPhoneSimulator.ActiveCfg = Debug|iPhoneSimulator
		{2B2762E0-B9E3-4428-8240-037CAA884378}.Debug|iPhoneSimulator.Build.0 = Debug|iPhoneSimulator
		{2B2762E0-B9E3-4428-8240-037CAA884378}.Debug|iPhoneSimulator.Deploy.0 = Debug|iPhoneSimulator
		{2B2762E0-B9E3-4428-8240-037CAA884378}.Release|Any CPU.ActiveCfg = Release|iPhoneSimulator
		{2B2762E0-B9E3-4428-8240-037CAA884378}.Release|Any CPU.Build.0 = Release|iPhoneSimulator
		{2B2762E0-B9E3-4428-8240-037CAA884378}.Release|Any CPU.Deploy.0 = Release|iPhoneSimulator
		{2B2762E0-B9E3-4428-8240-037CAA884378}.Release|iPhone.ActiveCfg = Release|iPhone
		{2B2762E0-B9E3-4428-8240-037CAA884378}.Release|iPhone.Build.0 = Release|iPhone
		{2B2762E0-B9E3-4428-8240-037CAA884378}.Release|iPhone.Deploy.0 = Release|iPhone
		{2B2762E0-B9E3-4428-8240-037CAA884378}.Release|iPhoneSimulator.ActiveCfg = Release|iPhoneSimulator
		{2B2762E0-B9E3-4428-8240-037CAA884378}.Release|iPhoneSimulator.Build.0 = Release|iPhoneSimulator
		{2B2762E0-B9E3-4428-8240-037CAA884378}.Release|iPhoneSimulator.Deploy.0 = Release|iPhoneSimulator
		{671C25B6-CF17-42FB-A199-982A4EBF3833}.Debug|Any CPU.ActiveCfg = Debug|Any CPU
		{671C25B6-CF17-42FB-A199-982A4EBF3833}.Debug|Any CPU.Build.0 = Debug|Any CPU
		{671C25B6-CF17-42FB-A199-982A4EBF3833}.Debug|Any CPU.Deploy.0 = Debug|Any CPU
		{671C25B6-CF17-42FB-A199-982A4EBF3833}.Debug|iPhone.ActiveCfg = Debug|Any CPU
		{671C25B6-CF17-42FB-A199-982A4EBF3833}.Debug|iPhone.Build.0 = Debug|Any CPU
		{671C25B6-CF17-42FB-A199-982A4EBF3833}.Debug|iPhone.Deploy.0 = Debug|Any CPU
		{671C25B6-CF17-42FB-A199-982A4EBF3833}.Debug|iPhoneSimulator.ActiveCfg = Debug|Any CPU
		{671C25B6-CF17-42FB-A199-982A4EBF3833}.Debug|iPhoneSimulator.Build.0 = Debug|Any CPU
		{671C25B6-CF17-42FB-A199-982A4EBF3833}.Debug|iPhoneSimulator.Deploy.0 = Debug|Any CPU
		{671C25B6-CF17-42FB-A199-982A4EBF3833}.Release|Any CPU.ActiveCfg = Release|Any CPU
		{671C25B6-CF17-42FB-A199-982A4EBF3833}.Release|Any CPU.Build.0 = Release|Any CPU
		{671C25B6-CF17-42FB-A199-982A4EBF3833}.Release|Any CPU.Deploy.0 = Release|Any CPU
		{671C25B6-CF17-42FB-A199-982A4EBF3833}.Release|iPhone.ActiveCfg = Release|Any CPU
		{671C25B6-CF17-42FB-A199-982A4EBF3833}.Release|iPhone.Build.0 = Release|Any CPU
		{671C25B6-CF17-42FB-A199-982A4EBF3833}.Release|iPhone.Deploy.0 = Release|Any CPU
		{671C25B6-CF17-42FB-A199-982A4EBF3833}.Release|iPhoneSimulator.ActiveCfg = Release|Any CPU
		{671C25B6-CF17-42FB-A199-982A4EBF3833}.Release|iPhoneSimulator.Build.0 = Release|Any CPU
		{671C25B6-CF17-42FB-A199-982A4EBF3833}.Release|iPhoneSimulator.Deploy.0 = Release|Any CPU
	EndGlobalSection
	GlobalSection(SolutionProperties) = preSolution
		HideSolutionNode = FALSE
	EndGlobalSection
	GlobalSection(ExtensibilityGlobals) = postSolution
		SolutionGuid = {A2F04ADA-C576-4B42-ABD9-3D2848079F12}
	EndGlobalSection
EndGlobal
